
Microsoft Visual Studio Solution File, Format Version 12.00
# Visual Studio 15
VisualStudioVersion = 15.0.28307.572
MinimumVisualStudioVersion = 10.0.40219.1
Project("{FAE04EC0-301F-11D3-BF4B-00C04F79EFBC}") = "KPITEmployeeTest", "KPITEmployeeTest\KPITEmployeeTest.csproj", "{8FB264A7-E2D5-42B1-9A5E-6F1BABF5C491}"
EndProject
Project("{FAE04EC0-301F-11D3-BF4B-00C04F79EFBC}") = "EmployeeDbManagement", "EmployeeDbManagement\EmployeeDbManagement.csproj", "{A3AA7187-51CF-4F61-B57C-2EAF13A928E2}"
EndProject
Project("{FAE04EC0-301F-11D3-BF4B-00C04F79EFBC}") = "ViewModels", "ViewModels\ViewModels.csproj", "{65421130-DF5C-4CE4-95A4-BE9605CBAF56}"
EndProject
Global
	GlobalSection(SolutionConfigurationPlatforms) = preSolution
		Debug|Any CPU = Debug|Any CPU
		Release|Any CPU = Release|Any CPU
	EndGlobalSection
	GlobalSection(ProjectConfigurationPlatforms) = postSolution
		{8FB264A7-E2D5-42B1-9A5E-6F1BABF5C491}.Debug|Any CPU.ActiveCfg = Debug|Any CPU
		{8FB264A7-E2D5-42B1-9A5E-6F1BABF5C491}.Debug|Any CPU.Build.0 = Debug|Any CPU
		{8FB264A7-E2D5-42B1-9A5E-6F1BABF5C491}.Release|Any CPU.ActiveCfg = Release|Any CPU
		{8FB264A7-E2D5-42B1-9A5E-6F1BABF5C491}.Release|Any CPU.Build.0 = Release|Any CPU
		{A3AA7187-51CF-4F61-B57C-2EAF13A928E2}.Debug|Any CPU.ActiveCfg = Debug|Any CPU
		{A3AA7187-51CF-4F61-B57C-2EAF13A928E2}.Debug|Any CPU.Build.0 = Debug|Any CPU
		{A3AA7187-51CF-4F61-B57C-2EAF13A928E2}.Release|Any CPU.ActiveCfg = Release|Any CPU
		{A3AA7187-51CF-4F61-B57C-2EAF13A928E2}.Release|Any CPU.Build.0 = Release|Any CPU
		{65421130-DF5C-4CE4-95A4-BE9605CBAF56}.Debug|Any CPU.ActiveCfg = Debug|Any CPU
		{65421130-DF5C-4CE4-95A4-BE9605CBAF56}.Debug|Any CPU.Build.0 = Debug|Any CPU
		{65421130-DF5C-4CE4-95A4-BE9605CBAF56}.Release|Any CPU.ActiveCfg = Release|Any CPU
		{65421130-DF5C-4CE4-95A4-BE9605CBAF56}.Release|Any CPU.Build.0 = Release|Any CPU
	EndGlobalSection
	GlobalSection(SolutionProperties) = preSolution
		HideSolutionNode = FALSE
	EndGlobalSection
	GlobalSection(ExtensibilityGlobals) = postSolution
		SolutionGuid = {B57DFCF8-5F37-488E-8767-F9BEE297EBCF}
	EndGlobalSection
EndGlobal
